
Microsoft Visual Studio Solution File, Format Version 12.00
# Visual Studio Version 17
VisualStudioVersion = 17.9.34723.18
MinimumVisualStudioVersion = 10.0.40219.1
Project("{9A19103F-16F7-4668-BE54-9A1E7A4F7556}") = "ProjectCinema", "ProjectCinema\ProjectCinema.csproj", "{B316F517-D754-49CC-AFEE-3B238773D826}"
EndProject
Project("{FAE04EC0-301F-11D3-BF4B-00C04F79EFBC}") = "TestProject", "TestProject\TestProject.csproj", "{16DD72D0-9756-4AE4-A7F2-3E5DD0888D19}"
EndProject
Global
	GlobalSection(SolutionConfigurationPlatforms) = preSolution
		Debug|Any CPU = Debug|Any CPU
		Release|Any CPU = Release|Any CPU
	EndGlobalSection
	GlobalSection(ProjectConfigurationPlatforms) = postSolution
		{B316F517-D754-49CC-AFEE-3B238773D826}.Debug|Any CPU.ActiveCfg = Debug|Any CPU
		{B316F517-D754-49CC-AFEE-3B238773D826}.Debug|Any CPU.Build.0 = Debug|Any CPU
		{B316F517-D754-49CC-AFEE-3B238773D826}.Release|Any CPU.ActiveCfg = Release|Any CPU
		{B316F517-D754-49CC-AFEE-3B238773D826}.Release|Any CPU.Build.0 = Release|Any CPU
		{16DD72D0-9756-4AE4-A7F2-3E5DD0888D19}.Debug|Any CPU.ActiveCfg = Debug|Any CPU
		{16DD72D0-9756-4AE4-A7F2-3E5DD0888D19}.Debug|Any CPU.Build.0 = Debug|Any CPU
		{16DD72D0-9756-4AE4-A7F2-3E5DD0888D19}.Release|Any CPU.ActiveCfg = Release|Any CPU
		{16DD72D0-9756-4AE4-A7F2-3E5DD0888D19}.Release|Any CPU.Build.0 = Release|Any CPU
	EndGlobalSection
	GlobalSection(SolutionProperties) = preSolution
		HideSolutionNode = FALSE
	EndGlobalSection
	GlobalSection(ExtensibilityGlobals) = postSolution
		SolutionGuid = {107904B6-A162-4B73-BACA-458A37CCFDE2}
	EndGlobalSection
EndGlobal
